
Microsoft Visual Studio Solution File, Format Version 12.00
# Visual Studio Version 17
VisualStudioVersion = 17.11.35327.3
MinimumVisualStudioVersion = 10.0.40219.1
Project("{FAE04EC0-301F-11D3-BF4B-00C04F79EFBC}") = "IpCalculator", "IpCalculator.csproj", "{A8741FC5-3DBF-40D7-B19D-F9D96FB0FF79}"
EndProject
Global
	GlobalSection(SolutionConfigurationPlatforms) = preSolution
		Debug|Any CPU = Debug|Any CPU
		Release|Any CPU = Release|Any CPU
	EndGlobalSection
	GlobalSection(ProjectConfigurationPlatforms) = postSolution
		{A8741FC5-3DBF-40D7-B19D-F9D96FB0FF79}.Debug|Any CPU.ActiveCfg = Debug|Any CPU
		{A8741FC5-3DBF-40D7-B19D-F9D96FB0FF79}.Debug|Any CPU.Build.0 = Debug|Any CPU
		{A8741FC5-3DBF-40D7-B19D-F9D96FB0FF79}.Release|Any CPU.ActiveCfg = Release|Any CPU
		{A8741FC5-3DBF-40D7-B19D-F9D96FB0FF79}.Release|Any CPU.Build.0 = Release|Any CPU
	EndGlobalSection
	GlobalSection(SolutionProperties) = preSolution
		HideSolutionNode = FALSE
	EndGlobalSection
	GlobalSection(ExtensibilityGlobals) = postSolution
		SolutionGuid = {7D35F80C-1C69-4E66-99F0-E35B198207E4}
	EndGlobalSection
EndGlobal
